
Microsoft Visual Studio Solution File, Format Version 12.00
# Visual Studio Version 16
VisualStudioVersion = 16.0.31613.86
MinimumVisualStudioVersion = 10.0.40219.1
Project("{FAE04EC0-301F-11D3-BF4B-00C04F79EFBC}") = "TH_De1_NTP", "TH1_Sample\TH_De1_NTP.csproj", "{F96778CB-7CEF-434A-A13B-1117D16F81A3}"
EndProject
Project("{FAE04EC0-301F-11D3-BF4B-00C04F79EFBC}") = "TH_De3_Berkeley", "TH_De3_Berkeley\TH_De3_Berkeley.csproj", "{ED26D99D-783A-4C5A-9719-4B48B0355023}"
EndProject
Project("{FAE04EC0-301F-11D3-BF4B-00C04F79EFBC}") = "TH_GTTrungBinh", "TH_GTTrungBinh\TH_GTTrungBinh.csproj", "{11B006C8-4057-4505-B593-059F733BABEB}"
EndProject
Global
	GlobalSection(SolutionConfigurationPlatforms) = preSolution
		Debug|Any CPU = Debug|Any CPU
		Release|Any CPU = Release|Any CPU
	EndGlobalSection
	GlobalSection(ProjectConfigurationPlatforms) = postSolution
		{F96778CB-7CEF-434A-A13B-1117D16F81A3}.Debug|Any CPU.ActiveCfg = Debug|Any CPU
		{F96778CB-7CEF-434A-A13B-1117D16F81A3}.Debug|Any CPU.Build.0 = Debug|Any CPU
		{F96778CB-7CEF-434A-A13B-1117D16F81A3}.Release|Any CPU.ActiveCfg = Release|Any CPU
		{F96778CB-7CEF-434A-A13B-1117D16F81A3}.Release|Any CPU.Build.0 = Release|Any CPU
		{ED26D99D-783A-4C5A-9719-4B48B0355023}.Debug|Any CPU.ActiveCfg = Debug|Any CPU
		{ED26D99D-783A-4C5A-9719-4B48B0355023}.Debug|Any CPU.Build.0 = Debug|Any CPU
		{ED26D99D-783A-4C5A-9719-4B48B0355023}.Release|Any CPU.ActiveCfg = Release|Any CPU
		{ED26D99D-783A-4C5A-9719-4B48B0355023}.Release|Any CPU.Build.0 = Release|Any CPU
		{11B006C8-4057-4505-B593-059F733BABEB}.Debug|Any CPU.ActiveCfg = Debug|Any CPU
		{11B006C8-4057-4505-B593-059F733BABEB}.Debug|Any CPU.Build.0 = Debug|Any CPU
		{11B006C8-4057-4505-B593-059F733BABEB}.Release|Any CPU.ActiveCfg = Release|Any CPU
		{11B006C8-4057-4505-B593-059F733BABEB}.Release|Any CPU.Build.0 = Release|Any CPU
	EndGlobalSection
	GlobalSection(SolutionProperties) = preSolution
		HideSolutionNode = FALSE
	EndGlobalSection
	GlobalSection(ExtensibilityGlobals) = postSolution
		SolutionGuid = {37FE7E19-23CD-4D84-8D9D-D4020EFDA538}
	EndGlobalSection
EndGlobal
